
Microsoft Visual Studio Solution File, Format Version 12.00
# Visual Studio Version 16
VisualStudioVersion = 16.0.31729.503
MinimumVisualStudioVersion = 10.0.40219.1
Project("{FAE04EC0-301F-11D3-BF4B-00C04F79EFBC}") = "OnlineFootWearStore", "OnlineFootWearStore\OnlineFootWearStore.csproj", "{83AB6520-38F0-4D8C-AC32-A8084426685C}"
EndProject
Global
	GlobalSection(SolutionConfigurationPlatforms) = preSolution
		Debug|Any CPU = Debug|Any CPU
		Release|Any CPU = Release|Any CPU
	EndGlobalSection
	GlobalSection(ProjectConfigurationPlatforms) = postSolution
		{83AB6520-38F0-4D8C-AC32-A8084426685C}.Debug|Any CPU.ActiveCfg = Debug|Any CPU
		{83AB6520-38F0-4D8C-AC32-A8084426685C}.Debug|Any CPU.Build.0 = Debug|Any CPU
		{83AB6520-38F0-4D8C-AC32-A8084426685C}.Release|Any CPU.ActiveCfg = Release|Any CPU
		{83AB6520-38F0-4D8C-AC32-A8084426685C}.Release|Any CPU.Build.0 = Release|Any CPU
	EndGlobalSection
	GlobalSection(SolutionProperties) = preSolution
		HideSolutionNode = FALSE
	EndGlobalSection
	GlobalSection(ExtensibilityGlobals) = postSolution
		SolutionGuid = {358FEC9B-6270-4B71-B78B-DE16F109FDC1}
	EndGlobalSection
EndGlobal
